<?xml version="1.0" encoding="utf-8"?>
<Project ToolsVersion="4.0" xmlns="http://schemas.microsoft.com/developer/msbuild/2003">
  <ItemGroup>
    <Filter Include="Fichiers sources">
      <UniqueIdentifier>{4FC737F1-C7A5-4376-A066-2A32D752A2FF}</UniqueIdentifier>
      <Extensions>cpp;c;cc;cxx;def;odl;idl;hpj;bat;asm;asmx</Extensions>
    </Filter>
    <Filter Include="Fichiers d%27en-tête">
      <UniqueIdentifier>{93995380-89BD-4b04-88EB-625FBE52EBFB}</UniqueIdentifier>
      <Extensions>h;hh;hpp;hxx;hm;inl;inc;ipp;xsd</Extensions>
    </Filter>
    <Filter Include="Fichiers de ressources">
      <UniqueIdentifier>{67DA6AB6-F800-4c08-8B7A-83BB121AAD01}</UniqueIdentifier>
      <Extensions>rc;ico;cur;bmp;dlg;rc2;rct;bin;rgs;gif;jpg;jpeg;jpe;resx;tiff;tif;png;wav;mfcribbon-ms</Extensions>
    </Filter>
    <Filter Include="Fichiers d%27en-tête\JKA_SDK">
      <UniqueIdentifier>{b0dd6c55-61a8-4697-8adf-7dfaa89ac212}</UniqueIdentifier>
    </Filter>
    <Filter Include="Fichiers d%27en-tête\JKA_SDK\game">
      <UniqueIdentifier>{25896ca0-c6a7-4422-9311-ad06e3fef864}</UniqueIdentifier>
    </Filter>
    <Filter Include="Fichiers d%27en-tête\JKA_SDK\qcommon">
      <UniqueIdentifier>{044946a9-885f-4598-9ee5-3cdfd3545004}</UniqueIdentifier>
    </Filter>
  </ItemGroup>
  <ItemGroup>
    <ClCompile Include="Proxy_Main.c">
      <Filter>Fichiers sources</Filter>
    </ClCompile>
    <ClCompile Include="Proxy_SystemCalls.c">
      <Filter>Fichiers sources</Filter>
    </ClCompile>
  </ItemGroup>
  <ItemGroup>
    <ClInclude Include="Proxy_Header.h">
      <Filter>Fichiers d%27en-tête</Filter>
    </ClInclude>
    <ClInclude Include="JKA_SDK\game\g_public.h">
      <Filter>Fichiers d%27en-tête\JKA_SDK\game</Filter>
    </ClInclude>
    <ClInclude Include="JKA_SDK\game\q_shared.h">
      <Filter>Fichiers d%27en-tête\JKA_SDK\game</Filter>
    </ClInclude>
    <ClInclude Include="JKA_SDK\game\g_local.h">
      <Filter>Fichiers d%27en-tête\JKA_SDK\game</Filter>
    </ClInclude>
    <ClInclude Include="JKA_SDK\namespace_begin.h">
      <Filter>Fichiers d%27en-tête\JKA_SDK</Filter>
    </ClInclude>
    <ClInclude Include="JKA_SDK\namespace_end.h">
      <Filter>Fichiers d%27en-tête\JKA_SDK</Filter>
    </ClInclude>
    <ClInclude Include="JKA_SDK\game\b_public.h">
      <Filter>Fichiers d%27en-tête\JKA_SDK\game</Filter>
    </ClInclude>
    <ClInclude Include="JKA_SDK\game\bg_public.h">
      <Filter>Fichiers d%27en-tête\JKA_SDK\game</Filter>
    </ClInclude>
    <ClInclude Include="JKA_SDK\game\bg_vehicles.h">
      <Filter>Fichiers d%27en-tête\JKA_SDK\game</Filter>
    </ClInclude>
    <ClInclude Include="JKA_SDK\game\ai.h">
      <Filter>Fichiers d%27en-tête\JKA_SDK\game</Filter>
    </ClInclude>
    <ClInclude Include="JKA_SDK\qcommon\disablewarnings.h">
      <Filter>Fichiers d%27en-tête\JKA_SDK\qcommon</Filter>
    </ClInclude>
    <ClInclude Include="JKA_SDK\qcommon\tags.h">
      <Filter>Fichiers d%27en-tête\JKA_SDK\qcommon</Filter>
    </ClInclude>
    <ClInclude Include="JKA_SDK\game\anims.h">
      <Filter>Fichiers d%27en-tête\JKA_SDK\game</Filter>
    </ClInclude>
    <ClInclude Include="JKA_SDK\game\bg_weapons.h">
      <Filter>Fichiers d%27en-tête\JKA_SDK\game</Filter>
    </ClInclude>
    <ClInclude Include="JKA_SDK\game\g_team.h">
      <Filter>Fichiers d%27en-tête\JKA_SDK\game</Filter>
    </ClInclude>
    <ClInclude Include="JKA_SDK\game\surfaceflags.h">
      <Filter>Fichiers d%27en-tête\JKA_SDK\game</Filter>
    </ClInclude>
    <ClInclude Include="JKA_SDK\game\teams.h">
      <Filter>Fichiers d%27en-tête\JKA_SDK\game</Filter>
    </ClInclude>
  </ItemGroup>
</Project>